
Microsoft Visual Studio Solution File, Format Version 12.00
# Visual Studio Version 16
VisualStudioVersion = 16.0.30517.126
MinimumVisualStudioVersion = 10.0.40219.1
Project("{FAE04EC0-301F-11D3-BF4B-00C04F79EFBC}") = "FootballLeague.MVC", "FootballLeague.MVC\FootballLeague.MVC.csproj", "{DB877D8F-ACCE-4C60-B986-1DA3E71FA4CE}"
EndProject
Global
	GlobalSection(SolutionConfigurationPlatforms) = preSolution
		Debug|Any CPU = Debug|Any CPU
		Release|Any CPU = Release|Any CPU
	EndGlobalSection
	GlobalSection(ProjectConfigurationPlatforms) = postSolution
		{DB877D8F-ACCE-4C60-B986-1DA3E71FA4CE}.Debug|Any CPU.ActiveCfg = Debug|Any CPU
		{DB877D8F-ACCE-4C60-B986-1DA3E71FA4CE}.Debug|Any CPU.Build.0 = Debug|Any CPU
		{DB877D8F-ACCE-4C60-B986-1DA3E71FA4CE}.Release|Any CPU.ActiveCfg = Release|Any CPU
		{DB877D8F-ACCE-4C60-B986-1DA3E71FA4CE}.Release|Any CPU.Build.0 = Release|Any CPU
	EndGlobalSection
	GlobalSection(SolutionProperties) = preSolution
		HideSolutionNode = FALSE
	EndGlobalSection
	GlobalSection(ExtensibilityGlobals) = postSolution
		SolutionGuid = {B583FBFE-256D-4F76-A670-D9E3DBDCCECB}
	EndGlobalSection
EndGlobal
